
Microsoft Visual Studio Solution File, Format Version 12.00
# Visual Studio Version 17
VisualStudioVersion = 17.3.32929.385
MinimumVisualStudioVersion = 10.0.40219.1
Project("{9A19103F-16F7-4668-BE54-9A1E7A4F7556}") = "gRPC.Web.Gateway", "gRPC.Web.Gateway.csproj", "{D069871A-6C40-4736-8CF0-9C38795FEE1D}"
EndProject
Global
	GlobalSection(SolutionConfigurationPlatforms) = preSolution
		Debug|Any CPU = Debug|Any CPU
		Release|Any CPU = Release|Any CPU
	EndGlobalSection
	GlobalSection(ProjectConfigurationPlatforms) = postSolution
		{D069871A-6C40-4736-8CF0-9C38795FEE1D}.Debug|Any CPU.ActiveCfg = Debug|Any CPU
		{D069871A-6C40-4736-8CF0-9C38795FEE1D}.Debug|Any CPU.Build.0 = Debug|Any CPU
		{D069871A-6C40-4736-8CF0-9C38795FEE1D}.Release|Any CPU.ActiveCfg = Release|Any CPU
		{D069871A-6C40-4736-8CF0-9C38795FEE1D}.Release|Any CPU.Build.0 = Release|Any CPU
	EndGlobalSection
	GlobalSection(SolutionProperties) = preSolution
		HideSolutionNode = FALSE
	EndGlobalSection
	GlobalSection(ExtensibilityGlobals) = postSolution
		SolutionGuid = {3360CC59-836D-4AC7-9A61-5A082EA0E075}
	EndGlobalSection
EndGlobal
